
Microsoft Visual Studio Solution File, Format Version 12.00
# Visual Studio 15
VisualStudioVersion = 15.0.28307.572
MinimumVisualStudioVersion = 10.0.40219.1
Project("{FAE04EC0-301F-11D3-BF4B-00C04F79EFBC}") = "nkxtract", "nkxtract\nkxtract.csproj", "{97A0CDA5-7281-4A3D-B881-83B896003A31}"
EndProject
Global
	GlobalSection(SolutionConfigurationPlatforms) = preSolution
		Debug|Any CPU = Debug|Any CPU
		Release|Any CPU = Release|Any CPU
	EndGlobalSection
	GlobalSection(ProjectConfigurationPlatforms) = postSolution
		{97A0CDA5-7281-4A3D-B881-83B896003A31}.Debug|Any CPU.ActiveCfg = Debug|Any CPU
		{97A0CDA5-7281-4A3D-B881-83B896003A31}.Debug|Any CPU.Build.0 = Debug|Any CPU
		{97A0CDA5-7281-4A3D-B881-83B896003A31}.Release|Any CPU.ActiveCfg = Release|Any CPU
		{97A0CDA5-7281-4A3D-B881-83B896003A31}.Release|Any CPU.Build.0 = Release|Any CPU
	EndGlobalSection
	GlobalSection(SolutionProperties) = preSolution
		HideSolutionNode = FALSE
	EndGlobalSection
	GlobalSection(ExtensibilityGlobals) = postSolution
		SolutionGuid = {5121E991-3B85-4F49-9BDB-D3F9213464F7}
	EndGlobalSection
EndGlobal
